
Microsoft Visual Studio Solution File, Format Version 12.00
# Visual Studio Version 17
VisualStudioVersion = 17.9.34616.47
MinimumVisualStudioVersion = 10.0.40219.1
Project("{9A19103F-16F7-4668-BE54-9A1E7A4F7556}") = "Builder", "Builder\Builder.csproj", "{3E40C781-3778-4443-9C65-8A899D69ADBD}"
EndProject
Project("{2150E333-8FDC-42A3-9474-1A3956D46DE8}") = "Creationals", "Creationals", "{AED08631-8E08-40A6-ACCF-6A5C32CE27E5}"
EndProject
Project("{9A19103F-16F7-4668-BE54-9A1E7A4F7556}") = "Singleton", "Singleton\Singleton.csproj", "{4E702BED-7146-4E6F-9532-C60EDBDC45E8}"
EndProject
Project("{9A19103F-16F7-4668-BE54-9A1E7A4F7556}") = "FactoryMethod", "FactoryMethod\FactoryMethod.csproj", "{4A05F51A-7600-4D73-8765-073E9621FD42}"
EndProject
Project("{2150E333-8FDC-42A3-9474-1A3956D46DE8}") = "Structurals", "Structurals", "{5E08D270-B0C9-4B28-88CC-51F0E10391F9}"
EndProject
Project("{2150E333-8FDC-42A3-9474-1A3956D46DE8}") = "Behaviorals", "Behaviorals", "{BD5D3136-B0DC-4B6E-ADF8-470FAE516015}"
EndProject
Project("{9A19103F-16F7-4668-BE54-9A1E7A4F7556}") = "ChainOfResponsibility", "ChainofResponsibility\ChainOfResponsibility.csproj", "{CD8301D5-A04F-4778-ADBC-1A783222632D}"
EndProject
Project("{9A19103F-16F7-4668-BE54-9A1E7A4F7556}") = "Adapter", "Adapter\Adapter.csproj", "{4C1E9E65-E6F4-47C9-9AD4-5FF23F3B9449}"
EndProject
Project("{9A19103F-16F7-4668-BE54-9A1E7A4F7556}") = "Decorator", "Decorator\Decorator.csproj", "{126BC68B-3C0E-4B7F-AEFD-D4E6810CF1E4}"
EndProject
Project("{9A19103F-16F7-4668-BE54-9A1E7A4F7556}") = "Proxy", "Proxy\Proxy.csproj", "{AD4F588E-486D-4487-9927-2A7A5538972F}"
EndProject
Project("{9A19103F-16F7-4668-BE54-9A1E7A4F7556}") = "AbstractFactory", "AbstractFactory\AbstractFactory.csproj", "{348C22EC-2E65-46DC-8AA7-FE9C998E778D}"
EndProject
Project("{9A19103F-16F7-4668-BE54-9A1E7A4F7556}") = "ChainOfResSample1", "Res\ChainOfResSample1.csproj", "{7905569C-2314-4CD1-AE83-02DE6AB1D609}"
EndProject
Project("{2150E333-8FDC-42A3-9474-1A3956D46DE8}") = "Samples", "Samples", "{52182D58-9E74-419B-B22C-0C232D14668F}"
EndProject
Project("{9A19103F-16F7-4668-BE54-9A1E7A4F7556}") = "AdapterSample1", "AdapterSample1\AdapterSample1.csproj", "{18C8B83F-4655-47CC-8E5F-9289C0C01E4A}"
EndProject
Project("{9A19103F-16F7-4668-BE54-9A1E7A4F7556}") = "DecoratorSample1", "DecoratorSample1\DecoratorSample1.csproj", "{4AF1FE08-8A4F-4860-A5D2-BC848504B34A}"
EndProject
Project("{9A19103F-16F7-4668-BE54-9A1E7A4F7556}") = "ProxySample1", "ProxySample1\ProxySample1.csproj", "{9BD1A9D8-7F7A-4BEC-B233-0E62AAF97B42}"
EndProject
Project("{FAE04EC0-301F-11D3-BF4B-00C04F79EFBC}") = "SingletonSample1", "SingletonSample1\SingletonSample1.csproj", "{32056DDF-CD6A-41B1-BE57-035D86ABEBF0}"
EndProject
Project("{2150E333-8FDC-42A3-9474-1A3956D46DE8}") = "Sample01", "Sample01", "{3F967DAB-5E0D-4D50-9D50-375D97082280}"
EndProject
Project("{FAE04EC0-301F-11D3-BF4B-00C04F79EFBC}") = "FactoryMethodSample1", "FactoryMethodSample1\FactoryMethodSample1.csproj", "{DAC358A9-8F40-46CD-8FDA-CEEA49CB5985}"
EndProject
Project("{FAE04EC0-301F-11D3-BF4B-00C04F79EFBC}") = "AbstractFactorySample1", "AbstractFactorySample1\AbstractFactorySample1.csproj", "{BF3F1AC6-3237-4951-B7B5-68AD2A553BF2}"
EndProject
Project("{FAE04EC0-301F-11D3-BF4B-00C04F79EFBC}") = "BuilderSample1", "BuilderSample1\BuilderSample1.csproj", "{F25FE9BB-95C4-4980-970D-BBB8D33386AD}"
EndProject
Global
	GlobalSection(SolutionConfigurationPlatforms) = preSolution
		Debug|Any CPU = Debug|Any CPU
		Release|Any CPU = Release|Any CPU
	EndGlobalSection
	GlobalSection(ProjectConfigurationPlatforms) = postSolution
		{3E40C781-3778-4443-9C65-8A899D69ADBD}.Debug|Any CPU.ActiveCfg = Debug|Any CPU
		{3E40C781-3778-4443-9C65-8A899D69ADBD}.Debug|Any CPU.Build.0 = Debug|Any CPU
		{3E40C781-3778-4443-9C65-8A899D69ADBD}.Release|Any CPU.ActiveCfg = Release|Any CPU
		{3E40C781-3778-4443-9C65-8A899D69ADBD}.Release|Any CPU.Build.0 = Release|Any CPU
		{4E702BED-7146-4E6F-9532-C60EDBDC45E8}.Debug|Any CPU.ActiveCfg = Debug|Any CPU
		{4E702BED-7146-4E6F-9532-C60EDBDC45E8}.Debug|Any CPU.Build.0 = Debug|Any CPU
		{4E702BED-7146-4E6F-9532-C60EDBDC45E8}.Release|Any CPU.ActiveCfg = Release|Any CPU
		{4E702BED-7146-4E6F-9532-C60EDBDC45E8}.Release|Any CPU.Build.0 = Release|Any CPU
		{4A05F51A-7600-4D73-8765-073E9621FD42}.Debug|Any CPU.ActiveCfg = Debug|Any CPU
		{4A05F51A-7600-4D73-8765-073E9621FD42}.Debug|Any CPU.Build.0 = Debug|Any CPU
		{4A05F51A-7600-4D73-8765-073E9621FD42}.Release|Any CPU.ActiveCfg = Release|Any CPU
		{4A05F51A-7600-4D73-8765-073E9621FD42}.Release|Any CPU.Build.0 = Release|Any CPU
		{CD8301D5-A04F-4778-ADBC-1A783222632D}.Debug|Any CPU.ActiveCfg = Debug|Any CPU
		{CD8301D5-A04F-4778-ADBC-1A783222632D}.Debug|Any CPU.Build.0 = Debug|Any CPU
		{CD8301D5-A04F-4778-ADBC-1A783222632D}.Release|Any CPU.ActiveCfg = Release|Any CPU
		{CD8301D5-A04F-4778-ADBC-1A783222632D}.Release|Any CPU.Build.0 = Release|Any CPU
		{4C1E9E65-E6F4-47C9-9AD4-5FF23F3B9449}.Debug|Any CPU.ActiveCfg = Debug|Any CPU
		{4C1E9E65-E6F4-47C9-9AD4-5FF23F3B9449}.Debug|Any CPU.Build.0 = Debug|Any CPU
		{4C1E9E65-E6F4-47C9-9AD4-5FF23F3B9449}.Release|Any CPU.ActiveCfg = Release|Any CPU
		{4C1E9E65-E6F4-47C9-9AD4-5FF23F3B9449}.Release|Any CPU.Build.0 = Release|Any CPU
		{126BC68B-3C0E-4B7F-AEFD-D4E6810CF1E4}.Debug|Any CPU.ActiveCfg = Debug|Any CPU
		{126BC68B-3C0E-4B7F-AEFD-D4E6810CF1E4}.Debug|Any CPU.Build.0 = Debug|Any CPU
		{126BC68B-3C0E-4B7F-AEFD-D4E6810CF1E4}.Release|Any CPU.ActiveCfg = Release|Any CPU
		{126BC68B-3C0E-4B7F-AEFD-D4E6810CF1E4}.Release|Any CPU.Build.0 = Release|Any CPU
		{AD4F588E-486D-4487-9927-2A7A5538972F}.Debug|Any CPU.ActiveCfg = Debug|Any CPU
		{AD4F588E-486D-4487-9927-2A7A5538972F}.Debug|Any CPU.Build.0 = Debug|Any CPU
		{AD4F588E-486D-4487-9927-2A7A5538972F}.Release|Any CPU.ActiveCfg = Release|Any CPU
		{AD4F588E-486D-4487-9927-2A7A5538972F}.Release|Any CPU.Build.0 = Release|Any CPU
		{348C22EC-2E65-46DC-8AA7-FE9C998E778D}.Debug|Any CPU.ActiveCfg = Debug|Any CPU
		{348C22EC-2E65-46DC-8AA7-FE9C998E778D}.Debug|Any CPU.Build.0 = Debug|Any CPU
		{348C22EC-2E65-46DC-8AA7-FE9C998E778D}.Release|Any CPU.ActiveCfg = Release|Any CPU
		{348C22EC-2E65-46DC-8AA7-FE9C998E778D}.Release|Any CPU.Build.0 = Release|Any CPU
		{7905569C-2314-4CD1-AE83-02DE6AB1D609}.Debug|Any CPU.ActiveCfg = Debug|Any CPU
		{7905569C-2314-4CD1-AE83-02DE6AB1D609}.Debug|Any CPU.Build.0 = Debug|Any CPU
		{7905569C-2314-4CD1-AE83-02DE6AB1D609}.Release|Any CPU.ActiveCfg = Release|Any CPU
		{7905569C-2314-4CD1-AE83-02DE6AB1D609}.Release|Any CPU.Build.0 = Release|Any CPU
		{18C8B83F-4655-47CC-8E5F-9289C0C01E4A}.Debug|Any CPU.ActiveCfg = Debug|Any CPU
		{18C8B83F-4655-47CC-8E5F-9289C0C01E4A}.Debug|Any CPU.Build.0 = Debug|Any CPU
		{18C8B83F-4655-47CC-8E5F-9289C0C01E4A}.Release|Any CPU.ActiveCfg = Release|Any CPU
		{18C8B83F-4655-47CC-8E5F-9289C0C01E4A}.Release|Any CPU.Build.0 = Release|Any CPU
		{4AF1FE08-8A4F-4860-A5D2-BC848504B34A}.Debug|Any CPU.ActiveCfg = Debug|Any CPU
		{4AF1FE08-8A4F-4860-A5D2-BC848504B34A}.Debug|Any CPU.Build.0 = Debug|Any CPU
		{4AF1FE08-8A4F-4860-A5D2-BC848504B34A}.Release|Any CPU.ActiveCfg = Release|Any CPU
		{4AF1FE08-8A4F-4860-A5D2-BC848504B34A}.Release|Any CPU.Build.0 = Release|Any CPU
		{9BD1A9D8-7F7A-4BEC-B233-0E62AAF97B42}.Debug|Any CPU.ActiveCfg = Debug|Any CPU
		{9BD1A9D8-7F7A-4BEC-B233-0E62AAF97B42}.Debug|Any CPU.Build.0 = Debug|Any CPU
		{9BD1A9D8-7F7A-4BEC-B233-0E62AAF97B42}.Release|Any CPU.ActiveCfg = Release|Any CPU
		{9BD1A9D8-7F7A-4BEC-B233-0E62AAF97B42}.Release|Any CPU.Build.0 = Release|Any CPU
		{32056DDF-CD6A-41B1-BE57-035D86ABEBF0}.Debug|Any CPU.ActiveCfg = Debug|Any CPU
		{32056DDF-CD6A-41B1-BE57-035D86ABEBF0}.Debug|Any CPU.Build.0 = Debug|Any CPU
		{32056DDF-CD6A-41B1-BE57-035D86ABEBF0}.Release|Any CPU.ActiveCfg = Release|Any CPU
		{32056DDF-CD6A-41B1-BE57-035D86ABEBF0}.Release|Any CPU.Build.0 = Release|Any CPU
		{DAC358A9-8F40-46CD-8FDA-CEEA49CB5985}.Debug|Any CPU.ActiveCfg = Debug|Any CPU
		{DAC358A9-8F40-46CD-8FDA-CEEA49CB5985}.Debug|Any CPU.Build.0 = Debug|Any CPU
		{DAC358A9-8F40-46CD-8FDA-CEEA49CB5985}.Release|Any CPU.ActiveCfg = Release|Any CPU
		{DAC358A9-8F40-46CD-8FDA-CEEA49CB5985}.Release|Any CPU.Build.0 = Release|Any CPU
		{BF3F1AC6-3237-4951-B7B5-68AD2A553BF2}.Debug|Any CPU.ActiveCfg = Debug|Any CPU
		{BF3F1AC6-3237-4951-B7B5-68AD2A553BF2}.Debug|Any CPU.Build.0 = Debug|Any CPU
		{BF3F1AC6-3237-4951-B7B5-68AD2A553BF2}.Release|Any CPU.ActiveCfg = Release|Any CPU
		{BF3F1AC6-3237-4951-B7B5-68AD2A553BF2}.Release|Any CPU.Build.0 = Release|Any CPU
		{F25FE9BB-95C4-4980-970D-BBB8D33386AD}.Debug|Any CPU.ActiveCfg = Debug|Any CPU
		{F25FE9BB-95C4-4980-970D-BBB8D33386AD}.Debug|Any CPU.Build.0 = Debug|Any CPU
		{F25FE9BB-95C4-4980-970D-BBB8D33386AD}.Release|Any CPU.ActiveCfg = Release|Any CPU
		{F25FE9BB-95C4-4980-970D-BBB8D33386AD}.Release|Any CPU.Build.0 = Release|Any CPU
	EndGlobalSection
	GlobalSection(SolutionProperties) = preSolution
		HideSolutionNode = FALSE
	EndGlobalSection
	GlobalSection(NestedProjects) = preSolution
		{3E40C781-3778-4443-9C65-8A899D69ADBD} = {AED08631-8E08-40A6-ACCF-6A5C32CE27E5}
		{4E702BED-7146-4E6F-9532-C60EDBDC45E8} = {AED08631-8E08-40A6-ACCF-6A5C32CE27E5}
		{4A05F51A-7600-4D73-8765-073E9621FD42} = {AED08631-8E08-40A6-ACCF-6A5C32CE27E5}
		{CD8301D5-A04F-4778-ADBC-1A783222632D} = {BD5D3136-B0DC-4B6E-ADF8-470FAE516015}
		{4C1E9E65-E6F4-47C9-9AD4-5FF23F3B9449} = {5E08D270-B0C9-4B28-88CC-51F0E10391F9}
		{126BC68B-3C0E-4B7F-AEFD-D4E6810CF1E4} = {5E08D270-B0C9-4B28-88CC-51F0E10391F9}
		{AD4F588E-486D-4487-9927-2A7A5538972F} = {5E08D270-B0C9-4B28-88CC-51F0E10391F9}
		{348C22EC-2E65-46DC-8AA7-FE9C998E778D} = {AED08631-8E08-40A6-ACCF-6A5C32CE27E5}
		{7905569C-2314-4CD1-AE83-02DE6AB1D609} = {3F967DAB-5E0D-4D50-9D50-375D97082280}
		{18C8B83F-4655-47CC-8E5F-9289C0C01E4A} = {3F967DAB-5E0D-4D50-9D50-375D97082280}
		{4AF1FE08-8A4F-4860-A5D2-BC848504B34A} = {3F967DAB-5E0D-4D50-9D50-375D97082280}
		{9BD1A9D8-7F7A-4BEC-B233-0E62AAF97B42} = {3F967DAB-5E0D-4D50-9D50-375D97082280}
		{32056DDF-CD6A-41B1-BE57-035D86ABEBF0} = {3F967DAB-5E0D-4D50-9D50-375D97082280}
		{3F967DAB-5E0D-4D50-9D50-375D97082280} = {52182D58-9E74-419B-B22C-0C232D14668F}
		{DAC358A9-8F40-46CD-8FDA-CEEA49CB5985} = {3F967DAB-5E0D-4D50-9D50-375D97082280}
		{BF3F1AC6-3237-4951-B7B5-68AD2A553BF2} = {3F967DAB-5E0D-4D50-9D50-375D97082280}
		{F25FE9BB-95C4-4980-970D-BBB8D33386AD} = {3F967DAB-5E0D-4D50-9D50-375D97082280}
	EndGlobalSection
	GlobalSection(ExtensibilityGlobals) = postSolution
		SolutionGuid = {2689CA04-0116-49B3-A36D-27E379976F70}
	EndGlobalSection
EndGlobal
